
Microsoft Visual Studio Solution File, Format Version 12.00
# Visual Studio Version 16
VisualStudioVersion = 16.0.30517.126
MinimumVisualStudioVersion = 10.0.40219.1
Project("{FAE04EC0-301F-11D3-BF4B-00C04F79EFBC}") = "openlab-11.00", "openlab-11.00.csproj", "{48962BAF-EA64-40DD-94D0-B9A2942B6168}"
EndProject
Global
	GlobalSection(SolutionConfigurationPlatforms) = preSolution
		Debug|Any CPU = Debug|Any CPU
		Release|Any CPU = Release|Any CPU
	EndGlobalSection
	GlobalSection(ProjectConfigurationPlatforms) = postSolution
		{48962BAF-EA64-40DD-94D0-B9A2942B6168}.Debug|Any CPU.ActiveCfg = Debug|Any CPU
		{48962BAF-EA64-40DD-94D0-B9A2942B6168}.Debug|Any CPU.Build.0 = Debug|Any CPU
		{48962BAF-EA64-40DD-94D0-B9A2942B6168}.Release|Any CPU.ActiveCfg = Release|Any CPU
		{48962BAF-EA64-40DD-94D0-B9A2942B6168}.Release|Any CPU.Build.0 = Release|Any CPU
	EndGlobalSection
	GlobalSection(SolutionProperties) = preSolution
		HideSolutionNode = FALSE
	EndGlobalSection
	GlobalSection(ExtensibilityGlobals) = postSolution
		SolutionGuid = {406F7A11-D163-4A8B-B53C-0659B26F5EE2}
	EndGlobalSection
EndGlobal
